
Microsoft Visual Studio Solution File, Format Version 12.00
# Visual Studio Version 16
VisualStudioVersion = 16.0.31424.327
MinimumVisualStudioVersion = 10.0.40219.1
Project("{FAE04EC0-301F-11D3-BF4B-00C04F79EFBC}") = "CuraduriaFacturas", "CuraduriaFacturas.csproj", "{2CD87B97-2E1B-45F0-9914-6607134091A8}"
EndProject
Global
	GlobalSection(SolutionConfigurationPlatforms) = preSolution
		Debug|Any CPU = Debug|Any CPU
		Release|Any CPU = Release|Any CPU
	EndGlobalSection
	GlobalSection(ProjectConfigurationPlatforms) = postSolution
		{2CD87B97-2E1B-45F0-9914-6607134091A8}.Debug|Any CPU.ActiveCfg = Debug|Any CPU
		{2CD87B97-2E1B-45F0-9914-6607134091A8}.Debug|Any CPU.Build.0 = Debug|Any CPU
		{2CD87B97-2E1B-45F0-9914-6607134091A8}.Release|Any CPU.ActiveCfg = Release|Any CPU
		{2CD87B97-2E1B-45F0-9914-6607134091A8}.Release|Any CPU.Build.0 = Release|Any CPU
	EndGlobalSection
	GlobalSection(SolutionProperties) = preSolution
		HideSolutionNode = FALSE
	EndGlobalSection
	GlobalSection(ExtensibilityGlobals) = postSolution
		SolutionGuid = {FCC13956-86A3-45A8-94B6-7CFE80966AC9}
	EndGlobalSection
EndGlobal
